
Microsoft Visual Studio Solution File, Format Version 12.00
# Visual Studio Version 16
VisualStudioVersion = 16.0.29215.179
MinimumVisualStudioVersion = 10.0.40219.1
Project("{FAE04EC0-301F-11D3-BF4B-00C04F79EFBC}") = "LinkedList_and_BinaryTree", "LancoltListak_Fak\LinkedList_and_BinaryTree.csproj", "{28058420-3052-45BF-A94D-72AFAB3D53E7}"
EndProject
Global
	GlobalSection(SolutionConfigurationPlatforms) = preSolution
		Debug|Any CPU = Debug|Any CPU
		Release|Any CPU = Release|Any CPU
	EndGlobalSection
	GlobalSection(ProjectConfigurationPlatforms) = postSolution
		{28058420-3052-45BF-A94D-72AFAB3D53E7}.Debug|Any CPU.ActiveCfg = Debug|Any CPU
		{28058420-3052-45BF-A94D-72AFAB3D53E7}.Debug|Any CPU.Build.0 = Debug|Any CPU
		{28058420-3052-45BF-A94D-72AFAB3D53E7}.Release|Any CPU.ActiveCfg = Release|Any CPU
		{28058420-3052-45BF-A94D-72AFAB3D53E7}.Release|Any CPU.Build.0 = Release|Any CPU
	EndGlobalSection
	GlobalSection(SolutionProperties) = preSolution
		HideSolutionNode = FALSE
	EndGlobalSection
	GlobalSection(ExtensibilityGlobals) = postSolution
		SolutionGuid = {48044919-4B5B-4E3E-8E56-EA273D2723CF}
	EndGlobalSection
EndGlobal
